<?xml version="1.0" encoding="UTF-8" standalone="yes" ?>
<CodeBlocks_project_file>
	<FileVersion major="1" minor="6" />
	<Project>
		<Option title="rlib_lockfree" />
		<Option pch_mode="2" />
		<Option compiler="gcc" />
		<Build>
			<Target title="Debug">
				<Option output="C:/Temp/rlib_lockfree_codeblocks/Debug/codeblocks" prefix_auto="1" extension_auto="1" />
				<Option object_output="C:/Temp/rlib_lockfree_codeblocks/Debug" />
				<Option type="1" />
				<Option compiler="gcc" />
				<Compiler>
					<Add option="-g" />
				</Compiler>
			</Target>
			<Target title="Release">
				<Option output="C:/Temp/rlib_lockfree_codeblocks/Release/codeblocks" prefix_auto="1" extension_auto="1" />
				<Option object_output="C:/Temp/rlib_lockfree_codeblocks/Release/" />
				<Option type="1" />
				<Option compiler="gcc" />
				<Compiler>
					<Add option="-O2" />
				</Compiler>
				<Linker>
					<Add option="-s" />
				</Linker>
			</Target>
		</Build>
		<Compiler>
			<Add option="-std=c++11" />
			<Add option="-Wall" />
			<Add option="-fexceptions" />
			<Add directory="../inc" />
		</Compiler>
		<Unit filename="../inc/rlib/lockfree/CycleBufferMwsr.h" />
		<Unit filename="../inc/rlib/lockfree/CycleBufferSwsr.h" />
		<Unit filename="../inc/rlib/lockfree/_LightWeightMutex.h" />
		<Unit filename="../test/CycleBufferSwsr.cpp">
			<Option link="0" />
		</Unit>
		<Unit filename="../test/LightWeightMutexTest.cpp">
			<Option link="0" />
		</Unit>
		<Unit filename="../test/PreSizedExtensibleBufferTest.cpp">
			<Option link="0" />
		</Unit>
		<Unit filename="../test/test.cpp" />
		<Extensions>
			<code_completion />
			<envvars />
			<debugger />
			<lib_finder disable_auto="1" />
		</Extensions>
	</Project>
</CodeBlocks_project_file>
